<?xml version="1.0" encoding="utf-8"?>
<Project ToolsVersion="4.0" xmlns="http://schemas.microsoft.com/developer/msbuild/2003">
  <ItemGroup>
    <Filter Include="src">
      <UniqueIdentifier>{b0e860cd-79fe-4b80-97b9-adbc4e867cab}</UniqueIdentifier>
    </Filter>
    <Filter Include="include">
      <UniqueIdentifier>{b235e0c3-484f-43b0-a0f3-a49dc5191f42}</UniqueIdentifier>
    </Filter>
    <Filter Include="include\whi_rviz_plugins">
      <UniqueIdentifier>{4c893001-9d61-4949-8563-7bc23955fdaa}</UniqueIdentifier>
    </Filter>
  </ItemGroup>
  <ItemGroup>
    <ClInclude Include="include\whi_rviz_plugins\display_battery.h">
      <Filter>include\whi_rviz_plugins</Filter>
    </ClInclude>
  </ItemGroup>
  <ItemGroup>
    <ClCompile Include="src\display_battery.cpp">
      <Filter>src</Filter>
    </ClCompile>
  </ItemGroup>
</Project>